
Microsoft Visual Studio Solution File, Format Version 12.00
# Visual Studio Version 17
VisualStudioVersion = 17.11.35312.102
MinimumVisualStudioVersion = 10.0.40219.1
Project("{FAE04EC0-301F-11D3-BF4B-00C04F79EFBC}") = "Pr1", "Pr1.csproj", "{77A521F0-0F93-4392-943D-7E0121736E21}"
EndProject
Global
	GlobalSection(SolutionConfigurationPlatforms) = preSolution
		Debug|Any CPU = Debug|Any CPU
		Release|Any CPU = Release|Any CPU
	EndGlobalSection
	GlobalSection(ProjectConfigurationPlatforms) = postSolution
		{77A521F0-0F93-4392-943D-7E0121736E21}.Debug|Any CPU.ActiveCfg = Debug|Any CPU
		{77A521F0-0F93-4392-943D-7E0121736E21}.Debug|Any CPU.Build.0 = Debug|Any CPU
		{77A521F0-0F93-4392-943D-7E0121736E21}.Release|Any CPU.ActiveCfg = Release|Any CPU
		{77A521F0-0F93-4392-943D-7E0121736E21}.Release|Any CPU.Build.0 = Release|Any CPU
	EndGlobalSection
	GlobalSection(SolutionProperties) = preSolution
		HideSolutionNode = FALSE
	EndGlobalSection
	GlobalSection(ExtensibilityGlobals) = postSolution
		SolutionGuid = {E43651F5-848F-44A3-952D-B79A1183C87C}
	EndGlobalSection
EndGlobal
